
Microsoft Visual Studio Solution File, Format Version 12.00
# Visual Studio 15
VisualStudioVersion = 15.0.28307.136
MinimumVisualStudioVersion = 10.0.40219.1
Project("{FAE04EC0-301F-11D3-BF4B-00C04F79EFBC}") = "RandomQuotes", "RandomQuotes\RandomQuotes.csproj", "{388C7CB0-E334-402D-83C9-53895CEF22FD}"
EndProject
Global
	GlobalSection(SolutionConfigurationPlatforms) = preSolution
		Debug|Any CPU = Debug|Any CPU
		Release|Any CPU = Release|Any CPU
	EndGlobalSection
	GlobalSection(ProjectConfigurationPlatforms) = postSolution
		{388C7CB0-E334-402D-83C9-53895CEF22FD}.Debug|Any CPU.ActiveCfg = Debug|Any CPU
		{388C7CB0-E334-402D-83C9-53895CEF22FD}.Debug|Any CPU.Build.0 = Debug|Any CPU
		{388C7CB0-E334-402D-83C9-53895CEF22FD}.Release|Any CPU.ActiveCfg = Release|Any CPU
		{388C7CB0-E334-402D-83C9-53895CEF22FD}.Release|Any CPU.Build.0 = Release|Any CPU
	EndGlobalSection
	GlobalSection(SolutionProperties) = preSolution
		HideSolutionNode = FALSE
	EndGlobalSection
	GlobalSection(ExtensibilityGlobals) = postSolution
		SolutionGuid = {D5ADE450-58AC-4FD1-AC30-F6E832839AF6}
	EndGlobalSection
EndGlobal
